// !$*UTF8*$!
{
	archiveVersion = 1;
	classes = {
	};
	objectVersion = 46;
	objects = {

/* Begin PBXBuildFile section */
		951DB1E019AF39E14EFE2F46 /* Pods_Instagram_Firebase.framework in Frameworks */ = {isa = PBXBuildFile; fileRef = 55D8B2C12F1727F745E3FCED /* Pods_Instagram_Firebase.framework */; };
		F901CF591E9EC485007CC40D /* PhotoSelectorController.swift in Sources */ = {isa = PBXBuildFile; fileRef = F901CF581E9EC485007CC40D /* PhotoSelectorController.swift */; };
		F92440181E957EB6001748F6 /* Assets.xcassets in Resources */ = {isa = PBXBuildFile; fileRef = F92440171E957EB6001748F6 /* Assets.xcassets */; };
		F92440291E958697001748F6 /* LaunchScreen.storyboard in Resources */ = {isa = PBXBuildFile; fileRef = F92440251E958697001748F6 /* LaunchScreen.storyboard */; };
		F924402A1E958697001748F6 /* Main.storyboard in Resources */ = {isa = PBXBuildFile; fileRef = F92440271E958697001748F6 /* Main.storyboard */; };
		F94D7F5E1EA0000200AB71B4 /* SharePhotoController.swift in Sources */ = {isa = PBXBuildFile; fileRef = F94D7F5D1EA0000200AB71B4 /* SharePhotoController.swift */; };
		F94D7F611EA0037300AB71B4 /* Extensions.swift in Sources */ = {isa = PBXBuildFile; fileRef = F94D7F601EA0037300AB71B4 /* Extensions.swift */; };
		F94D7F661EA0041500AB71B4 /* AppDelegate.swift in Sources */ = {isa = PBXBuildFile; fileRef = F94D7F621EA0041500AB71B4 /* AppDelegate.swift */; };
		F94D7F671EA0041500AB71B4 /* GoogleService-Info.plist in Resources */ = {isa = PBXBuildFile; fileRef = F94D7F631EA0041500AB71B4 /* GoogleService-Info.plist */; };
		F94D7F691EA0041500AB71B4 /* MainTabBarController.swift in Sources */ = {isa = PBXBuildFile; fileRef = F94D7F651EA0041500AB71B4 /* MainTabBarController.swift */; };
		F94D7F6B1EA0045400AB71B4 /* UserProfileController.swift in Sources */ = {isa = PBXBuildFile; fileRef = F94D7F6A1EA0045400AB71B4 /* UserProfileController.swift */; };
		F94D7F6E1EA01CBE00AB71B4 /* Post.swift in Sources */ = {isa = PBXBuildFile; fileRef = F94D7F6D1EA01CBE00AB71B4 /* Post.swift */; };
		F94D7F701EA0202B00AB71B4 /* UserProfilePhotoCell.swift in Sources */ = {isa = PBXBuildFile; fileRef = F94D7F6F1EA0202B00AB71B4 /* UserProfilePhotoCell.swift */; };
		F9A5FAE11E965D5A009F9115 /* UserProfileHeader.swift in Sources */ = {isa = PBXBuildFile; fileRef = F9A5FAE01E965D5A009F9115 /* UserProfileHeader.swift */; };
		F9A5FAE61E968118009F9115 /* LoginController.swift in Sources */ = {isa = PBXBuildFile; fileRef = F9A5FAE51E968118009F9115 /* LoginController.swift */; };
		F9A5FAE81E9684AE009F9115 /* SignUpController.swift in Sources */ = {isa = PBXBuildFile; fileRef = F9A5FAE71E9684AE009F9115 /* SignUpController.swift */; };
		F9AEE5551EA1790600B82304 /* CustomImageView.swift in Sources */ = {isa = PBXBuildFile; fileRef = F9AEE5541EA1790600B82304 /* CustomImageView.swift */; };
		F9AEE5581EA1816000B82304 /* HomeController.swift in Sources */ = {isa = PBXBuildFile; fileRef = F9AEE5571EA1816000B82304 /* HomeController.swift */; };
		F9AEE55A1EA1824E00B82304 /* HomePostCell.swift in Sources */ = {isa = PBXBuildFile; fileRef = F9AEE5591EA1824E00B82304 /* HomePostCell.swift */; };
		F9F2719A1EA3F35500155B70 /* User.swift in Sources */ = {isa = PBXBuildFile; fileRef = F9F271991EA3F35500155B70 /* User.swift */; };
		F9F2719C1EA3FF1600155B70 /* FirebaseUtils.swift in Sources */ = {isa = PBXBuildFile; fileRef = F9F2719B1EA3FF1600155B70 /* FirebaseUtils.swift */; };
		F9F2719E1EA4011F00155B70 /* PhotoCell.swift in Sources */ = {isa = PBXBuildFile; fileRef = F9F2719D1EA4011F00155B70 /* PhotoCell.swift */; };
/* End PBXBuildFile section */

/* Begin PBXFileReference section */
		55D8B2C12F1727F745E3FCED /* Pods_Instagram_Firebase.framework */ = {isa = PBXFileReference; explicitFileType = wrapper.framework; includeInIndex = 0; path = Pods_Instagram_Firebase.framework; sourceTree = BUILT_PRODUCTS_DIR; };
		8A906F358128EAE25A100A48 /* Pods-Instagram Firebase.debug.xcconfig */ = {isa = PBXFileReference; includeInIndex = 1; lastKnownFileType = text.xcconfig; name = "Pods-Instagram Firebase.debug.xcconfig"; path = "Pods/Target Support Files/Pods-Instagram Firebase/Pods-Instagram Firebase.debug.xcconfig"; sourceTree = "<group>"; };
		EA3FDC078C319369FD635B9E /* Pods-Instagram Firebase.release.xcconfig */ = {isa = PBXFileReference; includeInIndex = 1; lastKnownFileType = text.xcconfig; name = "Pods-Instagram Firebase.release.xcconfig"; path = "Pods/Target Support Files/Pods-Instagram Firebase/Pods-Instagram Firebase.release.xcconfig"; sourceTree = "<group>"; };
		F901CF581E9EC485007CC40D /* PhotoSelectorController.swift */ = {isa = PBXFileReference; fileEncoding = 4; lastKnownFileType = sourcecode.swift; name = PhotoSelectorController.swift; path = NewPost/PhotoSelectorController.swift; sourceTree = "<group>"; };
		F924400D1E957EB6001748F6 /* Instagram Firebase.app */ = {isa = PBXFileReference; explicitFileType = wrapper.application; includeInIndex = 0; path = "Instagram Firebase.app"; sourceTree = BUILT_PRODUCTS_DIR; };
		F92440171E957EB6001748F6 /* Assets.xcassets */ = {isa = PBXFileReference; lastKnownFileType = folder.assetcatalog; path = Assets.xcassets; sourceTree = "<group>"; };
		F92440261E958697001748F6 /* Base */ = {isa = PBXFileReference; lastKnownFileType = file.storyboard; name = Base; path = Storyboards/Base.lproj/LaunchScreen.storyboard; sourceTree = "<group>"; };
		F92440281E958697001748F6 /* Base */ = {isa = PBXFileReference; lastKnownFileType = file.storyboard; name = Base; path = Storyboards/Base.lproj/Main.storyboard; sourceTree = "<group>"; };
		F94D7F5D1EA0000200AB71B4 /* SharePhotoController.swift */ = {isa = PBXFileReference; fileEncoding = 4; lastKnownFileType = sourcecode.swift; name = SharePhotoController.swift; path = NewPost/SharePhotoController.swift; sourceTree = "<group>"; };
		F94D7F601EA0037300AB71B4 /* Extensions.swift */ = {isa = PBXFileReference; fileEncoding = 4; lastKnownFileType = sourcecode.swift; name = Extensions.swift; path = Utils/Extensions.swift; sourceTree = "<group>"; };
		F94D7F621EA0041500AB71B4 /* AppDelegate.swift */ = {isa = PBXFileReference; fileEncoding = 4; lastKnownFileType = sourcecode.swift; path = AppDelegate.swift; sourceTree = "<group>"; };
		F94D7F631EA0041500AB71B4 /* GoogleService-Info.plist */ = {isa = PBXFileReference; fileEncoding = 4; lastKnownFileType = text.plist.xml; path = "GoogleService-Info.plist"; sourceTree = "<group>"; };
		F94D7F641EA0041500AB71B4 /* Info.plist */ = {isa = PBXFileReference; fileEncoding = 4; lastKnownFileType = text.plist.xml; path = Info.plist; sourceTree = "<group>"; };
		F94D7F651EA0041500AB71B4 /* MainTabBarController.swift */ = {isa = PBXFileReference; fileEncoding = 4; lastKnownFileType = sourcecode.swift; path = MainTabBarController.swift; sourceTree = "<group>"; };
		F94D7F6A1EA0045400AB71B4 /* UserProfileController.swift */ = {isa = PBXFileReference; fileEncoding = 4; lastKnownFileType = sourcecode.swift; name = UserProfileController.swift; path = "User Profile/UserProfileController.swift"; sourceTree = "<group>"; };
		F94D7F6D1EA01CBE00AB71B4 /* Post.swift */ = {isa = PBXFileReference; fileEncoding = 4; lastKnownFileType = sourcecode.swift; name = Post.swift; path = Models/Post.swift; sourceTree = "<group>"; };
		F94D7F6F1EA0202B00AB71B4 /* UserProfilePhotoCell.swift */ = {isa = PBXFileReference; fileEncoding = 4; lastKnownFileType = sourcecode.swift; name = UserProfilePhotoCell.swift; path = "User Profile/UserProfilePhotoCell.swift"; sourceTree = "<group>"; };
		F9A5FAE01E965D5A009F9115 /* UserProfileHeader.swift */ = {isa = PBXFileReference; fileEncoding = 4; lastKnownFileType = sourcecode.swift; name = UserProfileHeader.swift; path = "User Profile/UserProfileHeader.swift"; sourceTree = "<group>"; };
		F9A5FAE51E968118009F9115 /* LoginController.swift */ = {isa = PBXFileReference; fileEncoding = 4; lastKnownFileType = sourcecode.swift; name = LoginController.swift; path = Login/LoginController.swift; sourceTree = "<group>"; };
		F9A5FAE71E9684AE009F9115 /* SignUpController.swift */ = {isa = PBXFileReference; fileEncoding = 4; lastKnownFileType = sourcecode.swift; name = SignUpController.swift; path = Login/SignUpController.swift; sourceTree = "<group>"; };
		F9AEE5541EA1790600B82304 /* CustomImageView.swift */ = {isa = PBXFileReference; fileEncoding = 4; lastKnownFileType = sourcecode.swift; name = CustomImageView.swift; path = Utils/CustomImageView.swift; sourceTree = "<group>"; };
		F9AEE5571EA1816000B82304 /* HomeController.swift */ = {isa = PBXFileReference; fileEncoding = 4; lastKnownFileType = sourcecode.swift; name = HomeController.swift; path = Home/HomeController.swift; sourceTree = "<group>"; };
		F9AEE5591EA1824E00B82304 /* HomePostCell.swift */ = {isa = PBXFileReference; fileEncoding = 4; lastKnownFileType = sourcecode.swift; name = HomePostCell.swift; path = Home/HomePostCell.swift; sourceTree = "<group>"; };
		F9F271991EA3F35500155B70 /* User.swift */ = {isa = PBXFileReference; fileEncoding = 4; lastKnownFileType = sourcecode.swift; name = User.swift; path = Models/User.swift; sourceTree = "<group>"; };
		F9F2719B1EA3FF1600155B70 /* FirebaseUtils.swift */ = {isa = PBXFileReference; fileEncoding = 4; lastKnownFileType = sourcecode.swift; name = FirebaseUtils.swift; path = Utils/FirebaseUtils.swift; sourceTree = "<group>"; };
		F9F2719D1EA4011F00155B70 /* PhotoCell.swift */ = {isa = PBXFileReference; fileEncoding = 4; lastKnownFileType = sourcecode.swift; name = PhotoCell.swift; path = Utils/PhotoCell.swift; sourceTree = "<group>"; };
/* End PBXFileReference section */

/* Begin PBXFrameworksBuildPhase section */
		F924400A1E957EB6001748F6 /* Frameworks */ = {
			isa = PBXFrameworksBuildPhase;
			buildActionMask = 2147483647;
			files = (
				951DB1E019AF39E14EFE2F46 /* Pods_Instagram_Firebase.framework in Frameworks */,
			);
			runOnlyForDeploymentPostprocessing = 0;
		};
/* End PBXFrameworksBuildPhase section */

/* Begin PBXGroup section */
		638B8756ED466A1812669061 /* Frameworks */ = {
			isa = PBXGroup;
			children = (
				55D8B2C12F1727F745E3FCED /* Pods_Instagram_Firebase.framework */,
			);
			name = Frameworks;
			sourceTree = "<group>";
		};
		EEB74A672FC541F44E630463 /* Pods */ = {
			isa = PBXGroup;
			children = (
				8A906F358128EAE25A100A48 /* Pods-Instagram Firebase.debug.xcconfig */,
				EA3FDC078C319369FD635B9E /* Pods-Instagram Firebase.release.xcconfig */,
			);
			name = Pods;
			sourceTree = "<group>";
		};
		F901CF571E9EC468007CC40D /* NewPost */ = {
			isa = PBXGroup;
			children = (
				F901CF581E9EC485007CC40D /* PhotoSelectorController.swift */,
				F94D7F5D1EA0000200AB71B4 /* SharePhotoController.swift */,
			);
			name = NewPost;
			sourceTree = "<group>";
		};
		F92440041E957EB6001748F6 = {
			isa = PBXGroup;
			children = (
				F924400F1E957EB6001748F6 /* Instagram Firebase */,
				F924400E1E957EB6001748F6 /* Products */,
				EEB74A672FC541F44E630463 /* Pods */,
				638B8756ED466A1812669061 /* Frameworks */,
			);
			sourceTree = "<group>";
		};
		F924400E1E957EB6001748F6 /* Products */ = {
			isa = PBXGroup;
			children = (
				F924400D1E957EB6001748F6 /* Instagram Firebase.app */,
			);
			name = Products;
			sourceTree = "<group>";
		};
		F924400F1E957EB6001748F6 /* Instagram Firebase */ = {
			isa = PBXGroup;
			children = (
				F9AEE5561EA1814B00B82304 /* Home */,
				F94D7F6C1EA01C9A00AB71B4 /* Models */,
				F9A5FAE41E968109009F9115 /* Login */,
				F901CF571E9EC468007CC40D /* NewPost */,
				F9A5FADF1E965D45009F9115 /* User Profile */,
				F92440241E958644001748F6 /* Storyboards */,
				F94D7F5F1EA0036000AB71B4 /* Utils */,
				F94D7F621EA0041500AB71B4 /* AppDelegate.swift */,
				F94D7F651EA0041500AB71B4 /* MainTabBarController.swift */,
				F92440171E957EB6001748F6 /* Assets.xcassets */,
				F94D7F631EA0041500AB71B4 /* GoogleService-Info.plist */,
				F94D7F641EA0041500AB71B4 /* Info.plist */,
			);
			path = "Instagram Firebase";
			sourceTree = "<group>";
		};
		F92440241E958644001748F6 /* Storyboards */ = {
			isa = PBXGroup;
			children = (
				F92440251E958697001748F6 /* LaunchScreen.storyboard */,
				F92440271E958697001748F6 /* Main.storyboard */,
			);
			name = Storyboards;
			sourceTree = "<group>";
		};
		F94D7F5F1EA0036000AB71B4 /* Utils */ = {
			isa = PBXGroup;
			children = (
				F94D7F601EA0037300AB71B4 /* Extensions.swift */,
				F9AEE5541EA1790600B82304 /* CustomImageView.swift */,
				F9F2719B1EA3FF1600155B70 /* FirebaseUtils.swift */,
				F9F2719D1EA4011F00155B70 /* PhotoCell.swift */,
			);
			name = Utils;
			sourceTree = "<group>";
		};
		F94D7F6C1EA01C9A00AB71B4 /* Models */ = {
			isa = PBXGroup;
			children = (
				F94D7F6D1EA01CBE00AB71B4 /* Post.swift */,
				F9F271991EA3F35500155B70 /* User.swift */,
			);
			name = Models;
			sourceTree = "<group>";
		};
		F9A5FADF1E965D45009F9115 /* User Profile */ = {
			isa = PBXGroup;
			children = (
				F9A5FAE01E965D5A009F9115 /* UserProfileHeader.swift */,
				F94D7F6A1EA0045400AB71B4 /* UserProfileController.swift */,
				F94D7F6F1EA0202B00AB71B4 /* UserProfilePhotoCell.swift */,
			);
			name = "User Profile";
			sourceTree = "<group>";
		};
		F9A5FAE41E968109009F9115 /* Login */ = {
			isa = PBXGroup;
			children = (
				F9A5FAE71E9684AE009F9115 /* SignUpController.swift */,
				F9A5FAE51E968118009F9115 /* LoginController.swift */,
			);
			name = Login;
			sourceTree = "<group>";
		};
		F9AEE5561EA1814B00B82304 /* Home */ = {
			isa = PBXGroup;
			children = (
				F9AEE5571EA1816000B82304 /* HomeController.swift */,
				F9AEE5591EA1824E00B82304 /* HomePostCell.swift */,
			);
			name = Home;
			sourceTree = "<group>";
		};
/* End PBXGroup section */

/* Begin PBXNativeTarget section */
		F924400C1E957EB6001748F6 /* Instagram Firebase */ = {
			isa = PBXNativeTarget;
			buildConfigurationList = F924401F1E957EB6001748F6 /* Build configuration list for PBXNativeTarget "Instagram Firebase" */;
			buildPhases = (
				19690FEBD83BA2081315C49B /* [CP] Check Pods Manifest.lock */,
				F92440091E957EB6001748F6 /* Sources */,
				F924400A1E957EB6001748F6 /* Frameworks */,
				F924400B1E957EB6001748F6 /* Resources */,
				3DB430425690E21CDBF1D705 /* [CP] Embed Pods Frameworks */,
				35D670016A075F8573078B9E /* [CP] Copy Pods Resources */,
			);
			buildRules = (
			);
			dependencies = (
			);
			name = "Instagram Firebase";
			productName = "Instagram Firebase";
			productReference = F924400D1E957EB6001748F6 /* Instagram Firebase.app */;
			productType = "com.apple.product-type.application";
		};
/* End PBXNativeTarget section */

/* Begin PBXProject section */
		F92440051E957EB6001748F6 /* Project object */ = {
			isa = PBXProject;
			attributes = {
				LastSwiftUpdateCheck = 0830;
				LastUpgradeCheck = 0830;
				ORGANIZATIONNAME = "Vyacheslav Nagornyak";
				TargetAttributes = {
					F924400C1E957EB6001748F6 = {
						CreatedOnToolsVersion = 8.3;
						DevelopmentTeam = 7R7GVTFP58;
						ProvisioningStyle = Automatic;
					};
				};
			};
			buildConfigurationList = F92440081E957EB6001748F6 /* Build configuration list for PBXProject "Instagram Firebase" */;
			compatibilityVersion = "Xcode 3.2";
			developmentRegion = English;
			hasScannedForEncodings = 0;
			knownRegions = (
				en,
				Base,
			);
			mainGroup = F92440041E957EB6001748F6;
			productRefGroup = F924400E1E957EB6001748F6 /* Products */;
			projectDirPath = "";
			projectRoot = "";
			targets = (
				F924400C1E957EB6001748F6 /* Instagram Firebase */,
			);
		};
/* End PBXProject section */

/* Begin PBXResourcesBuildPhase section */
		F924400B1E957EB6001748F6 /* Resources */ = {
			isa = PBXResourcesBuildPhase;
			buildActionMask = 2147483647;
			files = (
				F924402A1E958697001748F6 /* Main.storyboard in Resources */,
				F94D7F671EA0041500AB71B4 /* GoogleService-Info.plist in Resources */,
				F92440181E957EB6001748F6 /* Assets.xcassets in Resources */,
				F92440291E958697001748F6 /* LaunchScreen.storyboard in Resources */,
			);
			runOnlyForDeploymentPostprocessing = 0;
		};
/* End PBXResourcesBuildPhase section */

/* Begin PBXShellScriptBuildPhase section */
		19690FEBD83BA2081315C49B /* [CP] Check Pods Manifest.lock */ = {
			isa = PBXShellScriptBuildPhase;
			buildActionMask = 2147483647;
			files = (
			);
			inputPaths = (
			);
			name = "[CP] Check Pods Manifest.lock";
			outputPaths = (
			);
			runOnlyForDeploymentPostprocessing = 0;
			shellPath = /bin/sh;
			shellScript = "diff \"${PODS_ROOT}/../Podfile.lock\" \"${PODS_ROOT}/Manifest.lock\" > /dev/null\nif [ $? != 0 ] ; then\n    # print error to STDERR\n    echo \"error: The sandbox is not in sync with the Podfile.lock. Run 'pod install' or update your CocoaPods installation.\" >&2\n    exit 1\nfi\n";
			showEnvVarsInLog = 0;
		};
		35D670016A075F8573078B9E /* [CP] Copy Pods Resources */ = {
			isa = PBXShellScriptBuildPhase;
			buildActionMask = 2147483647;
			files = (
			);
			inputPaths = (
			);
			name = "[CP] Copy Pods Resources";
			outputPaths = (
			);
			runOnlyForDeploymentPostprocessing = 0;
			shellPath = /bin/sh;
			shellScript = "\"${SRCROOT}/Pods/Target Support Files/Pods-Instagram Firebase/Pods-Instagram Firebase-resources.sh\"\n";
			showEnvVarsInLog = 0;
		};
		3DB430425690E21CDBF1D705 /* [CP] Embed Pods Frameworks */ = {
			isa = PBXShellScriptBuildPhase;
			buildActionMask = 2147483647;
			files = (
			);
			inputPaths = (
			);
			name = "[CP] Embed Pods Frameworks";
			outputPaths = (
			);
			runOnlyForDeploymentPostprocessing = 0;
			shellPath = /bin/sh;
			shellScript = "\"${SRCROOT}/Pods/Target Support Files/Pods-Instagram Firebase/Pods-Instagram Firebase-frameworks.sh\"\n";
			showEnvVarsInLog = 0;
		};
/* End PBXShellScriptBuildPhase section */

/* Begin PBXSourcesBuildPhase section */
		F92440091E957EB6001748F6 /* Sources */ = {
			isa = PBXSourcesBuildPhase;
			buildActionMask = 2147483647;
			files = (
				F9F2719C1EA3FF1600155B70 /* FirebaseUtils.swift in Sources */,
				F94D7F661EA0041500AB71B4 /* AppDelegate.swift in Sources */,
				F9A5FAE81E9684AE009F9115 /* SignUpController.swift in Sources */,
				F901CF591E9EC485007CC40D /* PhotoSelectorController.swift in Sources */,
				F9AEE5551EA1790600B82304 /* CustomImageView.swift in Sources */,
				F94D7F6E1EA01CBE00AB71B4 /* Post.swift in Sources */,
				F94D7F5E1EA0000200AB71B4 /* SharePhotoController.swift in Sources */,
				F94D7F701EA0202B00AB71B4 /* UserProfilePhotoCell.swift in Sources */,
				F9F2719A1EA3F35500155B70 /* User.swift in Sources */,
				F94D7F6B1EA0045400AB71B4 /* UserProfileController.swift in Sources */,
				F9F2719E1EA4011F00155B70 /* PhotoCell.swift in Sources */,
				F94D7F691EA0041500AB71B4 /* MainTabBarController.swift in Sources */,
				F94D7F611EA0037300AB71B4 /* Extensions.swift in Sources */,
				F9A5FAE11E965D5A009F9115 /* UserProfileHeader.swift in Sources */,
				F9AEE55A1EA1824E00B82304 /* HomePostCell.swift in Sources */,
				F9A5FAE61E968118009F9115 /* LoginController.swift in Sources */,
				F9AEE5581EA1816000B82304 /* HomeController.swift in Sources */,
			);
			runOnlyForDeploymentPostprocessing = 0;
		};
/* End PBXSourcesBuildPhase section */

/* Begin PBXVariantGroup section */
		F92440251E958697001748F6 /* LaunchScreen.storyboard */ = {
			isa = PBXVariantGroup;
			children = (
				F92440261E958697001748F6 /* Base */,
			);
			name = LaunchScreen.storyboard;
			sourceTree = "<group>";
		};
		F92440271E958697001748F6 /* Main.storyboard */ = {
			isa = PBXVariantGroup;
			children = (
				F92440281E958697001748F6 /* Base */,
			);
			name = Main.storyboard;
			sourceTree = "<group>";
		};
/* End PBXVariantGroup section */

/* Begin XCBuildConfiguration section */
		F924401D1E957EB6001748F6 /* Debug */ = {
			isa = XCBuildConfiguration;
			buildSettings = {
				ALWAYS_SEARCH_USER_PATHS = NO;
				CLANG_ANALYZER_NONNULL = YES;
				CLANG_ANALYZER_NUMBER_OBJECT_CONVERSION = YES_AGGRESSIVE;
				CLANG_CXX_LANGUAGE_STANDARD = "gnu++0x";
				CLANG_CXX_LIBRARY = "libc++";
				CLANG_ENABLE_MODULES = YES;
				CLANG_ENABLE_OBJC_ARC = YES;
				CLANG_WARN_BOOL_CONVERSION = YES;
				CLANG_WARN_CONSTANT_CONVERSION = YES;
				CLANG_WARN_DIRECT_OBJC_ISA_USAGE = YES_ERROR;
				CLANG_WARN_DOCUMENTATION_COMMENTS = YES;
				CLANG_WARN_EMPTY_BODY = YES;
				CLANG_WARN_ENUM_CONVERSION = YES;
				CLANG_WARN_INFINITE_RECURSION = YES;
				CLANG_WARN_INT_CONVERSION = YES;
				CLANG_WARN_OBJC_ROOT_CLASS = YES_ERROR;
				CLANG_WARN_SUSPICIOUS_MOVE = YES;
				CLANG_WARN_UNREACHABLE_CODE = YES;
				CLANG_WARN__DUPLICATE_METHOD_MATCH = YES;
				"CODE_SIGN_IDENTITY[sdk=iphoneos*]" = "iPhone Developer";
				COPY_PHASE_STRIP = NO;
				DEBUG_INFORMATION_FORMAT = dwarf;
				ENABLE_STRICT_OBJC_MSGSEND = YES;
				ENABLE_TESTABILITY = YES;
				GCC_C_LANGUAGE_STANDARD = gnu99;
				GCC_DYNAMIC_NO_PIC = NO;
				GCC_NO_COMMON_BLOCKS = YES;
				GCC_OPTIMIZATION_LEVEL = 0;
				GCC_PREPROCESSOR_DEFINITIONS = (
					"DEBUG=1",
					"$(inherited)",
				);
				GCC_WARN_64_TO_32_BIT_CONVERSION = YES;
				GCC_WARN_ABOUT_RETURN_TYPE = YES_ERROR;
				GCC_WARN_UNDECLARED_SELECTOR = YES;
				GCC_WARN_UNINITIALIZED_AUTOS = YES_AGGRESSIVE;
				GCC_WARN_UNUSED_FUNCTION = YES;
				GCC_WARN_UNUSED_VARIABLE = YES;
				IPHONEOS_DEPLOYMENT_TARGET = 10.0;
				MTL_ENABLE_DEBUG_INFO = YES;
				ONLY_ACTIVE_ARCH = YES;
				SDKROOT = iphoneos;
				SWIFT_ACTIVE_COMPILATION_CONDITIONS = DEBUG;
				SWIFT_OPTIMIZATION_LEVEL = "-Onone";
				TARGETED_DEVICE_FAMILY = "1,2";
			};
			name = Debug;
		};
		F924401E1E957EB6001748F6 /* Release */ = {
			isa = XCBuildConfiguration;
			buildSettings = {
				ALWAYS_SEARCH_USER_PATHS = NO;
				CLANG_ANALYZER_NONNULL = YES;
				CLANG_ANALYZER_NUMBER_OBJECT_CONVERSION = YES_AGGRESSIVE;
				CLANG_CXX_LANGUAGE_STANDARD = "gnu++0x";
				CLANG_CXX_LIBRARY = "libc++";
				CLANG_ENABLE_MODULES = YES;
				CLANG_ENABLE_OBJC_ARC = YES;
				CLANG_WARN_BOOL_CONVERSION = YES;
				CLANG_WARN_CONSTANT_CONVERSION = YES;
				CLANG_WARN_DIRECT_OBJC_ISA_USAGE = YES_ERROR;
				CLANG_WARN_DOCUMENTATION_COMMENTS = YES;
				CLANG_WARN_EMPTY_BODY = YES;
				CLANG_WARN_ENUM_CONVERSION = YES;
				CLANG_WARN_INFINITE_RECURSION = YES;
				CLANG_WARN_INT_CONVERSION = YES;
				CLANG_WARN_OBJC_ROOT_CLASS = YES_ERROR;
				CLANG_WARN_SUSPICIOUS_MOVE = YES;
				CLANG_WARN_UNREACHABLE_CODE = YES;
				CLANG_WARN__DUPLICATE_METHOD_MATCH = YES;
				"CODE_SIGN_IDENTITY[sdk=iphoneos*]" = "iPhone Developer";
				COPY_PHASE_STRIP = NO;
				DEBUG_INFORMATION_FORMAT = "dwarf-with-dsym";
				ENABLE_NS_ASSERTIONS = NO;
				ENABLE_STRICT_OBJC_MSGSEND = YES;
				GCC_C_LANGUAGE_STANDARD = gnu99;
				GCC_NO_COMMON_BLOCKS = YES;
				GCC_WARN_64_TO_32_BIT_CONVERSION = YES;
				GCC_WARN_ABOUT_RETURN_TYPE = YES_ERROR;
				GCC_WARN_UNDECLARED_SELECTOR = YES;
				GCC_WARN_UNINITIALIZED_AUTOS = YES_AGGRESSIVE;
				GCC_WARN_UNUSED_FUNCTION = YES;
				GCC_WARN_UNUSED_VARIABLE = YES;
				IPHONEOS_DEPLOYMENT_TARGET = 10.0;
				MTL_ENABLE_DEBUG_INFO = NO;
				SDKROOT = iphoneos;
				SWIFT_OPTIMIZATION_LEVEL = "-Owholemodule";
				TARGETED_DEVICE_FAMILY = "1,2";
				VALIDATE_PRODUCT = YES;
			};
			name = Release;
		};
		F92440201E957EB6001748F6 /* Debug */ = {
			isa = XCBuildConfiguration;
			baseConfigurationReference = 8A906F358128EAE25A100A48 /* Pods-Instagram Firebase.debug.xcconfig */;
			buildSettings = {
				ASSETCATALOG_COMPILER_APPICON_NAME = AppIcon;
				DEVELOPMENT_TEAM = 7R7GVTFP58;
				INFOPLIST_FILE = "$(SRCROOT)/Instagram Firebase/Info.plist";
				IPHONEOS_DEPLOYMENT_TARGET = 10.0;
				LD_RUNPATH_SEARCH_PATHS = "$(inherited) @executable_path/Frameworks";
				PRODUCT_BUNDLE_IDENTIFIER = "com.breath.Instagram-Firebase";
				PRODUCT_NAME = "$(TARGET_NAME)";
				SWIFT_VERSION = 3.0;
			};
			name = Debug;
		};
		F92440211E957EB6001748F6 /* Release */ = {
			isa = XCBuildConfiguration;
			baseConfigurationReference = EA3FDC078C319369FD635B9E /* Pods-Instagram Firebase.release.xcconfig */;
			buildSettings = {
				ASSETCATALOG_COMPILER_APPICON_NAME = AppIcon;
				DEVELOPMENT_TEAM = 7R7GVTFP58;
				INFOPLIST_FILE = "$(SRCROOT)/Instagram Firebase/Info.plist";
				IPHONEOS_DEPLOYMENT_TARGET = 10.0;
				LD_RUNPATH_SEARCH_PATHS = "$(inherited) @executable_path/Frameworks";
				PRODUCT_BUNDLE_IDENTIFIER = "com.breath.Instagram-Firebase";
				PRODUCT_NAME = "$(TARGET_NAME)";
				SWIFT_VERSION = 3.0;
			};
			name = Release;
		};
/* End XCBuildConfiguration section */

/* Begin XCConfigurationList section */
		F92440081E957EB6001748F6 /* Build configuration list for PBXProject "Instagram Firebase" */ = {
			isa = XCConfigurationList;
			buildConfigurations = (
				F924401D1E957EB6001748F6 /* Debug */,
				F924401E1E957EB6001748F6 /* Release */,
			);
			defaultConfigurationIsVisible = 0;
			defaultConfigurationName = Release;
		};
		F924401F1E957EB6001748F6 /* Build configuration list for PBXNativeTarget "Instagram Firebase" */ = {
			isa = XCConfigurationList;
			buildConfigurations = (
				F92440201E957EB6001748F6 /* Debug */,
				F92440211E957EB6001748F6 /* Release */,
			);
			defaultConfigurationIsVisible = 0;
			defaultConfigurationName = Release;
		};
/* End XCConfigurationList section */
	};
	rootObject = F92440051E957EB6001748F6 /* Project object */;
}
